
Microsoft Visual Studio Solution File, Format Version 12.00
# Visual Studio Version 16
VisualStudioVersion = 16.0.29519.87
MinimumVisualStudioVersion = 10.0.40219.1
Project("{FAE04EC0-301F-11D3-BF4B-00C04F79EFBC}") = "InventoryService", "InventoryService\InventoryService.csproj", "{86EA53C6-FC95-4A27-8DD4-77D6B6963484}"
EndProject
Project("{2150E333-8FDC-42A3-9474-1A3956D46DE8}") = "Solution Items", "Solution Items", "{9BC5FEF2-BF89-4D40-BDF2-F8FC08AAAECF}"
	ProjectSection(SolutionItems) = preProject
		notes.txt = notes.txt
	EndProjectSection
EndProject
Global
	GlobalSection(SolutionConfigurationPlatforms) = preSolution
		Debug|Any CPU = Debug|Any CPU
		Release|Any CPU = Release|Any CPU
	EndGlobalSection
	GlobalSection(ProjectConfigurationPlatforms) = postSolution
		{86EA53C6-FC95-4A27-8DD4-77D6B6963484}.Debug|Any CPU.ActiveCfg = Debug|Any CPU
		{86EA53C6-FC95-4A27-8DD4-77D6B6963484}.Debug|Any CPU.Build.0 = Debug|Any CPU
		{86EA53C6-FC95-4A27-8DD4-77D6B6963484}.Release|Any CPU.ActiveCfg = Release|Any CPU
		{86EA53C6-FC95-4A27-8DD4-77D6B6963484}.Release|Any CPU.Build.0 = Release|Any CPU
	EndGlobalSection
	GlobalSection(SolutionProperties) = preSolution
		HideSolutionNode = FALSE
	EndGlobalSection
	GlobalSection(ExtensibilityGlobals) = postSolution
		SolutionGuid = {DEE55858-553C-490B-B0A3-E13AD7F2AEF4}
	EndGlobalSection
EndGlobal
